// !$*UTF8*$!
{
	archiveVersion = 1;
	classes = {
	};
	objectVersion = 50;
	objects = {

/* Begin PBXBuildFile section */
		173FBF82BB87929287B6C278 /* Pods_LodjinhaTests.framework in Frameworks */ = {isa = PBXBuildFile; fileRef = BE139E674F8192B5CC2DC234 /* Pods_LodjinhaTests.framework */; };
		C9808B8A156E897D99D22F69 /* Pods_LodjinhaUITests.framework in Frameworks */ = {isa = PBXBuildFile; fileRef = 019849688AAAB98C95C25D52 /* Pods_LodjinhaUITests.framework */; };
		D8BCE92022CFF6530016E8C0 /* PaladinKit.framework in Frameworks */ = {isa = PBXBuildFile; fileRef = D8BCE91F22CFF6530016E8C0 /* PaladinKit.framework */; };
		D8BCE92222CFF7030016E8C0 /* RogueKit.framework in Frameworks */ = {isa = PBXBuildFile; fileRef = D8BCE92122CFF7030016E8C0 /* RogueKit.framework */; };
		D8BCE92422CFF7080016E8C0 /* WizardKit.framework in Frameworks */ = {isa = PBXBuildFile; fileRef = D8BCE92322CFF7080016E8C0 /* WizardKit.framework */; };
		D8D29E5E22CFE86000DCCA6B /* AppDelegate.swift in Sources */ = {isa = PBXBuildFile; fileRef = D8D29E5D22CFE86000DCCA6B /* AppDelegate.swift */; };
		D8D29E6022CFE86000DCCA6B /* ViewController.swift in Sources */ = {isa = PBXBuildFile; fileRef = D8D29E5F22CFE86000DCCA6B /* ViewController.swift */; };
		D8D29E6322CFE86000DCCA6B /* Main.storyboard in Resources */ = {isa = PBXBuildFile; fileRef = D8D29E6122CFE86000DCCA6B /* Main.storyboard */; };
		D8D29E6522CFE86500DCCA6B /* Assets.xcassets in Resources */ = {isa = PBXBuildFile; fileRef = D8D29E6422CFE86500DCCA6B /* Assets.xcassets */; };
		D8D29E6822CFE86500DCCA6B /* LaunchScreen.storyboard in Resources */ = {isa = PBXBuildFile; fileRef = D8D29E6622CFE86500DCCA6B /* LaunchScreen.storyboard */; };
		D8D29E7322CFE86500DCCA6B /* LodjinhaTests.swift in Sources */ = {isa = PBXBuildFile; fileRef = D8D29E7222CFE86500DCCA6B /* LodjinhaTests.swift */; };
		D8D29E7E22CFE86500DCCA6B /* LodjinhaUITests.swift in Sources */ = {isa = PBXBuildFile; fileRef = D8D29E7D22CFE86500DCCA6B /* LodjinhaUITests.swift */; };
		F7C3C9353090CFA8AAB500E2 /* Pods_Lodjinha.framework in Frameworks */ = {isa = PBXBuildFile; fileRef = 0B3D492AFAFED3FFAF9CE738 /* Pods_Lodjinha.framework */; };
/* End PBXBuildFile section */

/* Begin PBXContainerItemProxy section */
		D8D29E6F22CFE86500DCCA6B /* PBXContainerItemProxy */ = {
			isa = PBXContainerItemProxy;
			containerPortal = D8D29E5222CFE86000DCCA6B /* Project object */;
			proxyType = 1;
			remoteGlobalIDString = D8D29E5922CFE86000DCCA6B;
			remoteInfo = Lodjinha;
		};
		D8D29E7A22CFE86500DCCA6B /* PBXContainerItemProxy */ = {
			isa = PBXContainerItemProxy;
			containerPortal = D8D29E5222CFE86000DCCA6B /* Project object */;
			proxyType = 1;
			remoteGlobalIDString = D8D29E5922CFE86000DCCA6B;
			remoteInfo = Lodjinha;
		};
/* End PBXContainerItemProxy section */

/* Begin PBXFileReference section */
		019849688AAAB98C95C25D52 /* Pods_LodjinhaUITests.framework */ = {isa = PBXFileReference; explicitFileType = wrapper.framework; includeInIndex = 0; path = Pods_LodjinhaUITests.framework; sourceTree = BUILT_PRODUCTS_DIR; };
		0B3D492AFAFED3FFAF9CE738 /* Pods_Lodjinha.framework */ = {isa = PBXFileReference; explicitFileType = wrapper.framework; includeInIndex = 0; path = Pods_Lodjinha.framework; sourceTree = BUILT_PRODUCTS_DIR; };
		0E2D05FC9377E09679BF13F6 /* Pods-LodjinhaUITests.release.xcconfig */ = {isa = PBXFileReference; includeInIndex = 1; lastKnownFileType = text.xcconfig; name = "Pods-LodjinhaUITests.release.xcconfig"; path = "Target Support Files/Pods-LodjinhaUITests/Pods-LodjinhaUITests.release.xcconfig"; sourceTree = "<group>"; };
		19629651FA4BB70E7AEB4E25 /* Pods-Lodjinha.release.xcconfig */ = {isa = PBXFileReference; includeInIndex = 1; lastKnownFileType = text.xcconfig; name = "Pods-Lodjinha.release.xcconfig"; path = "Target Support Files/Pods-Lodjinha/Pods-Lodjinha.release.xcconfig"; sourceTree = "<group>"; };
		351E11D1EB55A9851D794DAD /* Pods-LodjinhaTests.debug.xcconfig */ = {isa = PBXFileReference; includeInIndex = 1; lastKnownFileType = text.xcconfig; name = "Pods-LodjinhaTests.debug.xcconfig"; path = "Target Support Files/Pods-LodjinhaTests/Pods-LodjinhaTests.debug.xcconfig"; sourceTree = "<group>"; };
		3E7C28DFBB30BCE9FA85A392 /* Pods-LodjinhaUITests.debug.xcconfig */ = {isa = PBXFileReference; includeInIndex = 1; lastKnownFileType = text.xcconfig; name = "Pods-LodjinhaUITests.debug.xcconfig"; path = "Target Support Files/Pods-LodjinhaUITests/Pods-LodjinhaUITests.debug.xcconfig"; sourceTree = "<group>"; };
		4160E34D0EE7884BAF2EF198 /* Pods-LodjinhaTests.release.xcconfig */ = {isa = PBXFileReference; includeInIndex = 1; lastKnownFileType = text.xcconfig; name = "Pods-LodjinhaTests.release.xcconfig"; path = "Target Support Files/Pods-LodjinhaTests/Pods-LodjinhaTests.release.xcconfig"; sourceTree = "<group>"; };
		983212714AAAE68CA87171D8 /* Pods-Lodjinha.debug.xcconfig */ = {isa = PBXFileReference; includeInIndex = 1; lastKnownFileType = text.xcconfig; name = "Pods-Lodjinha.debug.xcconfig"; path = "Target Support Files/Pods-Lodjinha/Pods-Lodjinha.debug.xcconfig"; sourceTree = "<group>"; };
		BE139E674F8192B5CC2DC234 /* Pods_LodjinhaTests.framework */ = {isa = PBXFileReference; explicitFileType = wrapper.framework; includeInIndex = 0; path = Pods_LodjinhaTests.framework; sourceTree = BUILT_PRODUCTS_DIR; };
		D8BCE91F22CFF6530016E8C0 /* PaladinKit.framework */ = {isa = PBXFileReference; explicitFileType = wrapper.framework; path = PaladinKit.framework; sourceTree = BUILT_PRODUCTS_DIR; };
		D8BCE92122CFF7030016E8C0 /* RogueKit.framework */ = {isa = PBXFileReference; explicitFileType = wrapper.framework; path = RogueKit.framework; sourceTree = BUILT_PRODUCTS_DIR; };
		D8BCE92322CFF7080016E8C0 /* WizardKit.framework */ = {isa = PBXFileReference; explicitFileType = wrapper.framework; path = WizardKit.framework; sourceTree = BUILT_PRODUCTS_DIR; };
		D8D29E5A22CFE86000DCCA6B /* Lodjinha.app */ = {isa = PBXFileReference; explicitFileType = wrapper.application; includeInIndex = 0; path = Lodjinha.app; sourceTree = BUILT_PRODUCTS_DIR; };
		D8D29E5D22CFE86000DCCA6B /* AppDelegate.swift */ = {isa = PBXFileReference; lastKnownFileType = sourcecode.swift; path = AppDelegate.swift; sourceTree = "<group>"; };
		D8D29E5F22CFE86000DCCA6B /* ViewController.swift */ = {isa = PBXFileReference; lastKnownFileType = sourcecode.swift; path = ViewController.swift; sourceTree = "<group>"; };
		D8D29E6222CFE86000DCCA6B /* Base */ = {isa = PBXFileReference; lastKnownFileType = file.storyboard; name = Base; path = Base.lproj/Main.storyboard; sourceTree = "<group>"; };
		D8D29E6422CFE86500DCCA6B /* Assets.xcassets */ = {isa = PBXFileReference; lastKnownFileType = folder.assetcatalog; path = Assets.xcassets; sourceTree = "<group>"; };
		D8D29E6722CFE86500DCCA6B /* Base */ = {isa = PBXFileReference; lastKnownFileType = file.storyboard; name = Base; path = Base.lproj/LaunchScreen.storyboard; sourceTree = "<group>"; };
		D8D29E6922CFE86500DCCA6B /* Info.plist */ = {isa = PBXFileReference; lastKnownFileType = text.plist.xml; path = Info.plist; sourceTree = "<group>"; };
		D8D29E6E22CFE86500DCCA6B /* LodjinhaTests.xctest */ = {isa = PBXFileReference; explicitFileType = wrapper.cfbundle; includeInIndex = 0; path = LodjinhaTests.xctest; sourceTree = BUILT_PRODUCTS_DIR; };
		D8D29E7222CFE86500DCCA6B /* LodjinhaTests.swift */ = {isa = PBXFileReference; lastKnownFileType = sourcecode.swift; path = LodjinhaTests.swift; sourceTree = "<group>"; };
		D8D29E7422CFE86500DCCA6B /* Info.plist */ = {isa = PBXFileReference; lastKnownFileType = text.plist.xml; path = Info.plist; sourceTree = "<group>"; };
		D8D29E7922CFE86500DCCA6B /* LodjinhaUITests.xctest */ = {isa = PBXFileReference; explicitFileType = wrapper.cfbundle; includeInIndex = 0; path = LodjinhaUITests.xctest; sourceTree = BUILT_PRODUCTS_DIR; };
		D8D29E7D22CFE86500DCCA6B /* LodjinhaUITests.swift */ = {isa = PBXFileReference; lastKnownFileType = sourcecode.swift; path = LodjinhaUITests.swift; sourceTree = "<group>"; };
		D8D29E7F22CFE86500DCCA6B /* Info.plist */ = {isa = PBXFileReference; lastKnownFileType = text.plist.xml; path = Info.plist; sourceTree = "<group>"; };
/* End PBXFileReference section */

/* Begin PBXFrameworksBuildPhase section */
		D8D29E5722CFE86000DCCA6B /* Frameworks */ = {
			isa = PBXFrameworksBuildPhase;
			buildActionMask = 2147483647;
			files = (
				D8BCE92422CFF7080016E8C0 /* WizardKit.framework in Frameworks */,
				D8BCE92222CFF7030016E8C0 /* RogueKit.framework in Frameworks */,
				D8BCE92022CFF6530016E8C0 /* PaladinKit.framework in Frameworks */,
				F7C3C9353090CFA8AAB500E2 /* Pods_Lodjinha.framework in Frameworks */,
			);
			runOnlyForDeploymentPostprocessing = 0;
		};
		D8D29E6B22CFE86500DCCA6B /* Frameworks */ = {
			isa = PBXFrameworksBuildPhase;
			buildActionMask = 2147483647;
			files = (
				173FBF82BB87929287B6C278 /* Pods_LodjinhaTests.framework in Frameworks */,
			);
			runOnlyForDeploymentPostprocessing = 0;
		};
		D8D29E7622CFE86500DCCA6B /* Frameworks */ = {
			isa = PBXFrameworksBuildPhase;
			buildActionMask = 2147483647;
			files = (
				C9808B8A156E897D99D22F69 /* Pods_LodjinhaUITests.framework in Frameworks */,
			);
			runOnlyForDeploymentPostprocessing = 0;
		};
/* End PBXFrameworksBuildPhase section */

/* Begin PBXGroup section */
		7341040C2BAC44771EC0F9A2 /* Frameworks */ = {
			isa = PBXGroup;
			children = (
				D8BCE92322CFF7080016E8C0 /* WizardKit.framework */,
				D8BCE92122CFF7030016E8C0 /* RogueKit.framework */,
				D8BCE91F22CFF6530016E8C0 /* PaladinKit.framework */,
				0B3D492AFAFED3FFAF9CE738 /* Pods_Lodjinha.framework */,
				BE139E674F8192B5CC2DC234 /* Pods_LodjinhaTests.framework */,
				019849688AAAB98C95C25D52 /* Pods_LodjinhaUITests.framework */,
			);
			name = Frameworks;
			sourceTree = "<group>";
		};
		D8D29E5122CFE86000DCCA6B = {
			isa = PBXGroup;
			children = (
				D8D29E5C22CFE86000DCCA6B /* Lodjinha */,
				D8D29E7122CFE86500DCCA6B /* LodjinhaTests */,
				D8D29E7C22CFE86500DCCA6B /* LodjinhaUITests */,
				D8D29E5B22CFE86000DCCA6B /* Products */,
				F792634E36885337F1D4EE8A /* Pods */,
				7341040C2BAC44771EC0F9A2 /* Frameworks */,
			);
			sourceTree = "<group>";
		};
		D8D29E5B22CFE86000DCCA6B /* Products */ = {
			isa = PBXGroup;
			children = (
				D8D29E5A22CFE86000DCCA6B /* Lodjinha.app */,
				D8D29E6E22CFE86500DCCA6B /* LodjinhaTests.xctest */,
				D8D29E7922CFE86500DCCA6B /* LodjinhaUITests.xctest */,
			);
			name = Products;
			sourceTree = "<group>";
		};
		D8D29E5C22CFE86000DCCA6B /* Lodjinha */ = {
			isa = PBXGroup;
			children = (
				D8D29E8B22CFEA9000DCCA6B /* Source */,
				D8D29E8C22CFEA9800DCCA6B /* Resource */,
			);
			path = Lodjinha;
			sourceTree = "<group>";
		};
		D8D29E7122CFE86500DCCA6B /* LodjinhaTests */ = {
			isa = PBXGroup;
			children = (
				D8D29E7222CFE86500DCCA6B /* LodjinhaTests.swift */,
				D8D29E7422CFE86500DCCA6B /* Info.plist */,
			);
			path = LodjinhaTests;
			sourceTree = "<group>";
		};
		D8D29E7C22CFE86500DCCA6B /* LodjinhaUITests */ = {
			isa = PBXGroup;
			children = (
				D8D29E7D22CFE86500DCCA6B /* LodjinhaUITests.swift */,
				D8D29E7F22CFE86500DCCA6B /* Info.plist */,
			);
			path = LodjinhaUITests;
			sourceTree = "<group>";
		};
		D8D29E8B22CFEA9000DCCA6B /* Source */ = {
			isa = PBXGroup;
			children = (
				D8D29E8D22CFEB5E00DCCA6B /* MainFiles */,
				D8D29E8E22CFEF7A00DCCA6B /* Features */,
			);
			path = Source;
			sourceTree = "<group>";
		};
		D8D29E8C22CFEA9800DCCA6B /* Resource */ = {
			isa = PBXGroup;
			children = (
				D8D29E6422CFE86500DCCA6B /* Assets.xcassets */,
			);
			path = Resource;
			sourceTree = "<group>";
		};
		D8D29E8D22CFEB5E00DCCA6B /* MainFiles */ = {
			isa = PBXGroup;
			children = (
				D8D29E5D22CFE86000DCCA6B /* AppDelegate.swift */,
				D8D29E5F22CFE86000DCCA6B /* ViewController.swift */,
				D8D29E6122CFE86000DCCA6B /* Main.storyboard */,
				D8D29E6622CFE86500DCCA6B /* LaunchScreen.storyboard */,
				D8D29E6922CFE86500DCCA6B /* Info.plist */,
			);
			path = MainFiles;
			sourceTree = "<group>";
		};
		D8D29E8E22CFEF7A00DCCA6B /* Features */ = {
			isa = PBXGroup;
			children = (
			);
			path = Features;
			sourceTree = "<group>";
		};
		F792634E36885337F1D4EE8A /* Pods */ = {
			isa = PBXGroup;
			children = (
				983212714AAAE68CA87171D8 /* Pods-Lodjinha.debug.xcconfig */,
				19629651FA4BB70E7AEB4E25 /* Pods-Lodjinha.release.xcconfig */,
				351E11D1EB55A9851D794DAD /* Pods-LodjinhaTests.debug.xcconfig */,
				4160E34D0EE7884BAF2EF198 /* Pods-LodjinhaTests.release.xcconfig */,
				3E7C28DFBB30BCE9FA85A392 /* Pods-LodjinhaUITests.debug.xcconfig */,
				0E2D05FC9377E09679BF13F6 /* Pods-LodjinhaUITests.release.xcconfig */,
			);
			path = Pods;
			sourceTree = "<group>";
		};
/* End PBXGroup section */

/* Begin PBXNativeTarget section */
		D8D29E5922CFE86000DCCA6B /* Lodjinha */ = {
			isa = PBXNativeTarget;
			buildConfigurationList = D8D29E8222CFE86500DCCA6B /* Build configuration list for PBXNativeTarget "Lodjinha" */;
			buildPhases = (
				4F76A4564B6F09398E733739 /* [CP] Check Pods Manifest.lock */,
				D8D29E5622CFE86000DCCA6B /* Sources */,
				D8D29E5722CFE86000DCCA6B /* Frameworks */,
				D8D29E5822CFE86000DCCA6B /* Resources */,
			);
			buildRules = (
			);
			dependencies = (
			);
			name = Lodjinha;
			productName = Lodjinha;
			productReference = D8D29E5A22CFE86000DCCA6B /* Lodjinha.app */;
			productType = "com.apple.product-type.application";
		};
		D8D29E6D22CFE86500DCCA6B /* LodjinhaTests */ = {
			isa = PBXNativeTarget;
			buildConfigurationList = D8D29E8522CFE86500DCCA6B /* Build configuration list for PBXNativeTarget "LodjinhaTests" */;
			buildPhases = (
				1814072C94A602171F79B6EA /* [CP] Check Pods Manifest.lock */,
				D8D29E6A22CFE86500DCCA6B /* Sources */,
				D8D29E6B22CFE86500DCCA6B /* Frameworks */,
				D8D29E6C22CFE86500DCCA6B /* Resources */,
			);
			buildRules = (
			);
			dependencies = (
				D8D29E7022CFE86500DCCA6B /* PBXTargetDependency */,
			);
			name = LodjinhaTests;
			productName = LodjinhaTests;
			productReference = D8D29E6E22CFE86500DCCA6B /* LodjinhaTests.xctest */;
			productType = "com.apple.product-type.bundle.unit-test";
		};
		D8D29E7822CFE86500DCCA6B /* LodjinhaUITests */ = {
			isa = PBXNativeTarget;
			buildConfigurationList = D8D29E8822CFE86500DCCA6B /* Build configuration list for PBXNativeTarget "LodjinhaUITests" */;
			buildPhases = (
				B89469082A2DD00400DEF753 /* [CP] Check Pods Manifest.lock */,
				D8D29E7522CFE86500DCCA6B /* Sources */,
				D8D29E7622CFE86500DCCA6B /* Frameworks */,
				D8D29E7722CFE86500DCCA6B /* Resources */,
			);
			buildRules = (
			);
			dependencies = (
				D8D29E7B22CFE86500DCCA6B /* PBXTargetDependency */,
			);
			name = LodjinhaUITests;
			productName = LodjinhaUITests;
			productReference = D8D29E7922CFE86500DCCA6B /* LodjinhaUITests.xctest */;
			productType = "com.apple.product-type.bundle.ui-testing";
		};
/* End PBXNativeTarget section */

/* Begin PBXProject section */
		D8D29E5222CFE86000DCCA6B /* Project object */ = {
			isa = PBXProject;
			attributes = {
				LastSwiftUpdateCheck = 1020;
				LastUpgradeCheck = 1020;
				ORGANIZATIONNAME = RogerSanoli;
				TargetAttributes = {
					D8D29E5922CFE86000DCCA6B = {
						CreatedOnToolsVersion = 10.2.1;
					};
					D8D29E6D22CFE86500DCCA6B = {
						CreatedOnToolsVersion = 10.2.1;
						TestTargetID = D8D29E5922CFE86000DCCA6B;
					};
					D8D29E7822CFE86500DCCA6B = {
						CreatedOnToolsVersion = 10.2.1;
						TestTargetID = D8D29E5922CFE86000DCCA6B;
					};
				};
			};
			buildConfigurationList = D8D29E5522CFE86000DCCA6B /* Build configuration list for PBXProject "Lodjinha" */;
			compatibilityVersion = "Xcode 9.3";
			developmentRegion = en;
			hasScannedForEncodings = 0;
			knownRegions = (
				en,
				Base,
			);
			mainGroup = D8D29E5122CFE86000DCCA6B;
			productRefGroup = D8D29E5B22CFE86000DCCA6B /* Products */;
			projectDirPath = "";
			projectRoot = "";
			targets = (
				D8D29E5922CFE86000DCCA6B /* Lodjinha */,
				D8D29E6D22CFE86500DCCA6B /* LodjinhaTests */,
				D8D29E7822CFE86500DCCA6B /* LodjinhaUITests */,
			);
		};
/* End PBXProject section */

/* Begin PBXResourcesBuildPhase section */
		D8D29E5822CFE86000DCCA6B /* Resources */ = {
			isa = PBXResourcesBuildPhase;
			buildActionMask = 2147483647;
			files = (
				D8D29E6822CFE86500DCCA6B /* LaunchScreen.storyboard in Resources */,
				D8D29E6522CFE86500DCCA6B /* Assets.xcassets in Resources */,
				D8D29E6322CFE86000DCCA6B /* Main.storyboard in Resources */,
			);
			runOnlyForDeploymentPostprocessing = 0;
		};
		D8D29E6C22CFE86500DCCA6B /* Resources */ = {
			isa = PBXResourcesBuildPhase;
			buildActionMask = 2147483647;
			files = (
			);
			runOnlyForDeploymentPostprocessing = 0;
		};
		D8D29E7722CFE86500DCCA6B /* Resources */ = {
			isa = PBXResourcesBuildPhase;
			buildActionMask = 2147483647;
			files = (
			);
			runOnlyForDeploymentPostprocessing = 0;
		};
/* End PBXResourcesBuildPhase section */

/* Begin PBXShellScriptBuildPhase section */
		1814072C94A602171F79B6EA /* [CP] Check Pods Manifest.lock */ = {
			isa = PBXShellScriptBuildPhase;
			buildActionMask = 2147483647;
			files = (
			);
			inputFileListPaths = (
			);
			inputPaths = (
				"${PODS_PODFILE_DIR_PATH}/Podfile.lock",
				"${PODS_ROOT}/Manifest.lock",
			);
			name = "[CP] Check Pods Manifest.lock";
			outputFileListPaths = (
			);
			outputPaths = (
				"$(DERIVED_FILE_DIR)/Pods-LodjinhaTests-checkManifestLockResult.txt",
			);
			runOnlyForDeploymentPostprocessing = 0;
			shellPath = /bin/sh;
			shellScript = "diff \"${PODS_PODFILE_DIR_PATH}/Podfile.lock\" \"${PODS_ROOT}/Manifest.lock\" > /dev/null\nif [ $? != 0 ] ; then\n    # print error to STDERR\n    echo \"error: The sandbox is not in sync with the Podfile.lock. Run 'pod install' or update your CocoaPods installation.\" >&2\n    exit 1\nfi\n# This output is used by Xcode 'outputs' to avoid re-running this script phase.\necho \"SUCCESS\" > \"${SCRIPT_OUTPUT_FILE_0}\"\n";
			showEnvVarsInLog = 0;
		};
		4F76A4564B6F09398E733739 /* [CP] Check Pods Manifest.lock */ = {
			isa = PBXShellScriptBuildPhase;
			buildActionMask = 2147483647;
			files = (
			);
			inputFileListPaths = (
			);
			inputPaths = (
				"${PODS_PODFILE_DIR_PATH}/Podfile.lock",
				"${PODS_ROOT}/Manifest.lock",
			);
			name = "[CP] Check Pods Manifest.lock";
			outputFileListPaths = (
			);
			outputPaths = (
				"$(DERIVED_FILE_DIR)/Pods-Lodjinha-checkManifestLockResult.txt",
			);
			runOnlyForDeploymentPostprocessing = 0;
			shellPath = /bin/sh;
			shellScript = "diff \"${PODS_PODFILE_DIR_PATH}/Podfile.lock\" \"${PODS_ROOT}/Manifest.lock\" > /dev/null\nif [ $? != 0 ] ; then\n    # print error to STDERR\n    echo \"error: The sandbox is not in sync with the Podfile.lock. Run 'pod install' or update your CocoaPods installation.\" >&2\n    exit 1\nfi\n# This output is used by Xcode 'outputs' to avoid re-running this script phase.\necho \"SUCCESS\" > \"${SCRIPT_OUTPUT_FILE_0}\"\n";
			showEnvVarsInLog = 0;
		};
		B89469082A2DD00400DEF753 /* [CP] Check Pods Manifest.lock */ = {
			isa = PBXShellScriptBuildPhase;
			buildActionMask = 2147483647;
			files = (
			);
			inputFileListPaths = (
			);
			inputPaths = (
				"${PODS_PODFILE_DIR_PATH}/Podfile.lock",
				"${PODS_ROOT}/Manifest.lock",
			);
			name = "[CP] Check Pods Manifest.lock";
			outputFileListPaths = (
			);
			outputPaths = (
				"$(DERIVED_FILE_DIR)/Pods-LodjinhaUITests-checkManifestLockResult.txt",
			);
			runOnlyForDeploymentPostprocessing = 0;
			shellPath = /bin/sh;
			shellScript = "diff \"${PODS_PODFILE_DIR_PATH}/Podfile.lock\" \"${PODS_ROOT}/Manifest.lock\" > /dev/null\nif [ $? != 0 ] ; then\n    # print error to STDERR\n    echo \"error: The sandbox is not in sync with the Podfile.lock. Run 'pod install' or update your CocoaPods installation.\" >&2\n    exit 1\nfi\n# This output is used by Xcode 'outputs' to avoid re-running this script phase.\necho \"SUCCESS\" > \"${SCRIPT_OUTPUT_FILE_0}\"\n";
			showEnvVarsInLog = 0;
		};
/* End PBXShellScriptBuildPhase section */

/* Begin PBXSourcesBuildPhase section */
		D8D29E5622CFE86000DCCA6B /* Sources */ = {
			isa = PBXSourcesBuildPhase;
			buildActionMask = 2147483647;
			files = (
				D8D29E6022CFE86000DCCA6B /* ViewController.swift in Sources */,
				D8D29E5E22CFE86000DCCA6B /* AppDelegate.swift in Sources */,
			);
			runOnlyForDeploymentPostprocessing = 0;
		};
		D8D29E6A22CFE86500DCCA6B /* Sources */ = {
			isa = PBXSourcesBuildPhase;
			buildActionMask = 2147483647;
			files = (
				D8D29E7322CFE86500DCCA6B /* LodjinhaTests.swift in Sources */,
			);
			runOnlyForDeploymentPostprocessing = 0;
		};
		D8D29E7522CFE86500DCCA6B /* Sources */ = {
			isa = PBXSourcesBuildPhase;
			buildActionMask = 2147483647;
			files = (
				D8D29E7E22CFE86500DCCA6B /* LodjinhaUITests.swift in Sources */,
			);
			runOnlyForDeploymentPostprocessing = 0;
		};
/* End PBXSourcesBuildPhase section */

/* Begin PBXTargetDependency section */
		D8D29E7022CFE86500DCCA6B /* PBXTargetDependency */ = {
			isa = PBXTargetDependency;
			target = D8D29E5922CFE86000DCCA6B /* Lodjinha */;
			targetProxy = D8D29E6F22CFE86500DCCA6B /* PBXContainerItemProxy */;
		};
		D8D29E7B22CFE86500DCCA6B /* PBXTargetDependency */ = {
			isa = PBXTargetDependency;
			target = D8D29E5922CFE86000DCCA6B /* Lodjinha */;
			targetProxy = D8D29E7A22CFE86500DCCA6B /* PBXContainerItemProxy */;
		};
/* End PBXTargetDependency section */

/* Begin PBXVariantGroup section */
		D8D29E6122CFE86000DCCA6B /* Main.storyboard */ = {
			isa = PBXVariantGroup;
			children = (
				D8D29E6222CFE86000DCCA6B /* Base */,
			);
			name = Main.storyboard;
			sourceTree = "<group>";
		};
		D8D29E6622CFE86500DCCA6B /* LaunchScreen.storyboard */ = {
			isa = PBXVariantGroup;
			children = (
				D8D29E6722CFE86500DCCA6B /* Base */,
			);
			name = LaunchScreen.storyboard;
			sourceTree = "<group>";
		};
/* End PBXVariantGroup section */

/* Begin XCBuildConfiguration section */
		D8D29E8022CFE86500DCCA6B /* Debug */ = {
			isa = XCBuildConfiguration;
			buildSettings = {
				ALWAYS_SEARCH_USER_PATHS = NO;
				CLANG_ANALYZER_NONNULL = YES;
				CLANG_ANALYZER_NUMBER_OBJECT_CONVERSION = YES_AGGRESSIVE;
				CLANG_CXX_LANGUAGE_STANDARD = "gnu++14";
				CLANG_CXX_LIBRARY = "libc++";
				CLANG_ENABLE_MODULES = YES;
				CLANG_ENABLE_OBJC_ARC = YES;
				CLANG_ENABLE_OBJC_WEAK = YES;
				CLANG_WARN_BLOCK_CAPTURE_AUTORELEASING = YES;
				CLANG_WARN_BOOL_CONVERSION = YES;
				CLANG_WARN_COMMA = YES;
				CLANG_WARN_CONSTANT_CONVERSION = YES;
				CLANG_WARN_DEPRECATED_OBJC_IMPLEMENTATIONS = YES;
				CLANG_WARN_DIRECT_OBJC_ISA_USAGE = YES_ERROR;
				CLANG_WARN_DOCUMENTATION_COMMENTS = YES;
				CLANG_WARN_EMPTY_BODY = YES;
				CLANG_WARN_ENUM_CONVERSION = YES;
				CLANG_WARN_INFINITE_RECURSION = YES;
				CLANG_WARN_INT_CONVERSION = YES;
				CLANG_WARN_NON_LITERAL_NULL_CONVERSION = YES;
				CLANG_WARN_OBJC_IMPLICIT_RETAIN_SELF = YES;
				CLANG_WARN_OBJC_LITERAL_CONVERSION = YES;
				CLANG_WARN_OBJC_ROOT_CLASS = YES_ERROR;
				CLANG_WARN_RANGE_LOOP_ANALYSIS = YES;
				CLANG_WARN_STRICT_PROTOTYPES = YES;
				CLANG_WARN_SUSPICIOUS_MOVE = YES;
				CLANG_WARN_UNGUARDED_AVAILABILITY = YES_AGGRESSIVE;
				CLANG_WARN_UNREACHABLE_CODE = YES;
				CLANG_WARN__DUPLICATE_METHOD_MATCH = YES;
				CODE_SIGN_IDENTITY = "iPhone Developer";
				COPY_PHASE_STRIP = NO;
				DEBUG_INFORMATION_FORMAT = dwarf;
				ENABLE_STRICT_OBJC_MSGSEND = YES;
				ENABLE_TESTABILITY = YES;
				GCC_C_LANGUAGE_STANDARD = gnu11;
				GCC_DYNAMIC_NO_PIC = NO;
				GCC_NO_COMMON_BLOCKS = YES;
				GCC_OPTIMIZATION_LEVEL = 0;
				GCC_PREPROCESSOR_DEFINITIONS = (
					"DEBUG=1",
					"$(inherited)",
				);
				GCC_WARN_64_TO_32_BIT_CONVERSION = YES;
				GCC_WARN_ABOUT_RETURN_TYPE = YES_ERROR;
				GCC_WARN_UNDECLARED_SELECTOR = YES;
				GCC_WARN_UNINITIALIZED_AUTOS = YES_AGGRESSIVE;
				GCC_WARN_UNUSED_FUNCTION = YES;
				GCC_WARN_UNUSED_VARIABLE = YES;
				IPHONEOS_DEPLOYMENT_TARGET = 12.2;
				MTL_ENABLE_DEBUG_INFO = INCLUDE_SOURCE;
				MTL_FAST_MATH = YES;
				ONLY_ACTIVE_ARCH = YES;
				SDKROOT = iphoneos;
				SWIFT_ACTIVE_COMPILATION_CONDITIONS = DEBUG;
				SWIFT_OPTIMIZATION_LEVEL = "-Onone";
			};
			name = Debug;
		};
		D8D29E8122CFE86500DCCA6B /* Release */ = {
			isa = XCBuildConfiguration;
			buildSettings = {
				ALWAYS_SEARCH_USER_PATHS = NO;
				CLANG_ANALYZER_NONNULL = YES;
				CLANG_ANALYZER_NUMBER_OBJECT_CONVERSION = YES_AGGRESSIVE;
				CLANG_CXX_LANGUAGE_STANDARD = "gnu++14";
				CLANG_CXX_LIBRARY = "libc++";
				CLANG_ENABLE_MODULES = YES;
				CLANG_ENABLE_OBJC_ARC = YES;
				CLANG_ENABLE_OBJC_WEAK = YES;
				CLANG_WARN_BLOCK_CAPTURE_AUTORELEASING = YES;
				CLANG_WARN_BOOL_CONVERSION = YES;
				CLANG_WARN_COMMA = YES;
				CLANG_WARN_CONSTANT_CONVERSION = YES;
				CLANG_WARN_DEPRECATED_OBJC_IMPLEMENTATIONS = YES;
				CLANG_WARN_DIRECT_OBJC_ISA_USAGE = YES_ERROR;
				CLANG_WARN_DOCUMENTATION_COMMENTS = YES;
				CLANG_WARN_EMPTY_BODY = YES;
				CLANG_WARN_ENUM_CONVERSION = YES;
				CLANG_WARN_INFINITE_RECURSION = YES;
				CLANG_WARN_INT_CONVERSION = YES;
				CLANG_WARN_NON_LITERAL_NULL_CONVERSION = YES;
				CLANG_WARN_OBJC_IMPLICIT_RETAIN_SELF = YES;
				CLANG_WARN_OBJC_LITERAL_CONVERSION = YES;
				CLANG_WARN_OBJC_ROOT_CLASS = YES_ERROR;
				CLANG_WARN_RANGE_LOOP_ANALYSIS = YES;
				CLANG_WARN_STRICT_PROTOTYPES = YES;
				CLANG_WARN_SUSPICIOUS_MOVE = YES;
				CLANG_WARN_UNGUARDED_AVAILABILITY = YES_AGGRESSIVE;
				CLANG_WARN_UNREACHABLE_CODE = YES;
				CLANG_WARN__DUPLICATE_METHOD_MATCH = YES;
				CODE_SIGN_IDENTITY = "iPhone Developer";
				COPY_PHASE_STRIP = NO;
				DEBUG_INFORMATION_FORMAT = "dwarf-with-dsym";
				ENABLE_NS_ASSERTIONS = NO;
				ENABLE_STRICT_OBJC_MSGSEND = YES;
				GCC_C_LANGUAGE_STANDARD = gnu11;
				GCC_NO_COMMON_BLOCKS = YES;
				GCC_WARN_64_TO_32_BIT_CONVERSION = YES;
				GCC_WARN_ABOUT_RETURN_TYPE = YES_ERROR;
				GCC_WARN_UNDECLARED_SELECTOR = YES;
				GCC_WARN_UNINITIALIZED_AUTOS = YES_AGGRESSIVE;
				GCC_WARN_UNUSED_FUNCTION = YES;
				GCC_WARN_UNUSED_VARIABLE = YES;
				IPHONEOS_DEPLOYMENT_TARGET = 12.2;
				MTL_ENABLE_DEBUG_INFO = NO;
				MTL_FAST_MATH = YES;
				SDKROOT = iphoneos;
				SWIFT_COMPILATION_MODE = wholemodule;
				SWIFT_OPTIMIZATION_LEVEL = "-O";
				VALIDATE_PRODUCT = YES;
			};
			name = Release;
		};
		D8D29E8322CFE86500DCCA6B /* Debug */ = {
			isa = XCBuildConfiguration;
			baseConfigurationReference = 983212714AAAE68CA87171D8 /* Pods-Lodjinha.debug.xcconfig */;
			buildSettings = {
				ASSETCATALOG_COMPILER_APPICON_NAME = AppIcon;
				CODE_SIGN_STYLE = Automatic;
				DEVELOPMENT_TEAM = 9QSTG3492K;
				INFOPLIST_FILE = Lodjinha/Source/MainFiles/Info.plist;
				IPHONEOS_DEPLOYMENT_TARGET = 9.0;
				LD_RUNPATH_SEARCH_PATHS = (
					"$(inherited)",
					"@executable_path/Frameworks",
				);
				PRODUCT_BUNDLE_IDENTIFIER = RogerSanoli.Lodjinha;
				PRODUCT_NAME = "$(TARGET_NAME)";
				SWIFT_VERSION = 5.0;
				TARGETED_DEVICE_FAMILY = "1,2";
			};
			name = Debug;
		};
		D8D29E8422CFE86500DCCA6B /* Release */ = {
			isa = XCBuildConfiguration;
			baseConfigurationReference = 19629651FA4BB70E7AEB4E25 /* Pods-Lodjinha.release.xcconfig */;
			buildSettings = {
				ASSETCATALOG_COMPILER_APPICON_NAME = AppIcon;
				CODE_SIGN_STYLE = Automatic;
				DEVELOPMENT_TEAM = 9QSTG3492K;
				INFOPLIST_FILE = Lodjinha/Source/MainFiles/Info.plist;
				IPHONEOS_DEPLOYMENT_TARGET = 9.0;
				LD_RUNPATH_SEARCH_PATHS = (
					"$(inherited)",
					"@executable_path/Frameworks",
				);
				PRODUCT_BUNDLE_IDENTIFIER = RogerSanoli.Lodjinha;
				PRODUCT_NAME = "$(TARGET_NAME)";
				SWIFT_VERSION = 5.0;
				TARGETED_DEVICE_FAMILY = "1,2";
			};
			name = Release;
		};
		D8D29E8622CFE86500DCCA6B /* Debug */ = {
			isa = XCBuildConfiguration;
			baseConfigurationReference = 351E11D1EB55A9851D794DAD /* Pods-LodjinhaTests.debug.xcconfig */;
			buildSettings = {
				ALWAYS_EMBED_SWIFT_STANDARD_LIBRARIES = YES;
				BUNDLE_LOADER = "$(TEST_HOST)";
				CODE_SIGN_STYLE = Automatic;
				DEVELOPMENT_TEAM = 9QSTG3492K;
				INFOPLIST_FILE = LodjinhaTests/Info.plist;
				LD_RUNPATH_SEARCH_PATHS = (
					"$(inherited)",
					"@executable_path/Frameworks",
					"@loader_path/Frameworks",
				);
				PRODUCT_BUNDLE_IDENTIFIER = RogerSanoli.LodjinhaTests;
				PRODUCT_NAME = "$(TARGET_NAME)";
				SWIFT_VERSION = 5.0;
				TARGETED_DEVICE_FAMILY = "1,2";
				TEST_HOST = "$(BUILT_PRODUCTS_DIR)/Lodjinha.app/Lodjinha";
			};
			name = Debug;
		};
		D8D29E8722CFE86500DCCA6B /* Release */ = {
			isa = XCBuildConfiguration;
			baseConfigurationReference = 4160E34D0EE7884BAF2EF198 /* Pods-LodjinhaTests.release.xcconfig */;
			buildSettings = {
				ALWAYS_EMBED_SWIFT_STANDARD_LIBRARIES = YES;
				BUNDLE_LOADER = "$(TEST_HOST)";
				CODE_SIGN_STYLE = Automatic;
				DEVELOPMENT_TEAM = 9QSTG3492K;
				INFOPLIST_FILE = LodjinhaTests/Info.plist;
				LD_RUNPATH_SEARCH_PATHS = (
					"$(inherited)",
					"@executable_path/Frameworks",
					"@loader_path/Frameworks",
				);
				PRODUCT_BUNDLE_IDENTIFIER = RogerSanoli.LodjinhaTests;
				PRODUCT_NAME = "$(TARGET_NAME)";
				SWIFT_VERSION = 5.0;
				TARGETED_DEVICE_FAMILY = "1,2";
				TEST_HOST = "$(BUILT_PRODUCTS_DIR)/Lodjinha.app/Lodjinha";
			};
			name = Release;
		};
		D8D29E8922CFE86500DCCA6B /* Debug */ = {
			isa = XCBuildConfiguration;
			baseConfigurationReference = 3E7C28DFBB30BCE9FA85A392 /* Pods-LodjinhaUITests.debug.xcconfig */;
			buildSettings = {
				ALWAYS_EMBED_SWIFT_STANDARD_LIBRARIES = YES;
				CODE_SIGN_STYLE = Automatic;
				DEVELOPMENT_TEAM = 9QSTG3492K;
				INFOPLIST_FILE = LodjinhaUITests/Info.plist;
				LD_RUNPATH_SEARCH_PATHS = (
					"$(inherited)",
					"@executable_path/Frameworks",
					"@loader_path/Frameworks",
				);
				PRODUCT_BUNDLE_IDENTIFIER = RogerSanoli.LodjinhaUITests;
				PRODUCT_NAME = "$(TARGET_NAME)";
				SWIFT_VERSION = 5.0;
				TARGETED_DEVICE_FAMILY = "1,2";
				TEST_TARGET_NAME = Lodjinha;
			};
			name = Debug;
		};
		D8D29E8A22CFE86500DCCA6B /* Release */ = {
			isa = XCBuildConfiguration;
			baseConfigurationReference = 0E2D05FC9377E09679BF13F6 /* Pods-LodjinhaUITests.release.xcconfig */;
			buildSettings = {
				ALWAYS_EMBED_SWIFT_STANDARD_LIBRARIES = YES;
				CODE_SIGN_STYLE = Automatic;
				DEVELOPMENT_TEAM = 9QSTG3492K;
				INFOPLIST_FILE = LodjinhaUITests/Info.plist;
				LD_RUNPATH_SEARCH_PATHS = (
					"$(inherited)",
					"@executable_path/Frameworks",
					"@loader_path/Frameworks",
				);
				PRODUCT_BUNDLE_IDENTIFIER = RogerSanoli.LodjinhaUITests;
				PRODUCT_NAME = "$(TARGET_NAME)";
				SWIFT_VERSION = 5.0;
				TARGETED_DEVICE_FAMILY = "1,2";
				TEST_TARGET_NAME = Lodjinha;
			};
			name = Release;
		};
/* End XCBuildConfiguration section */

/* Begin XCConfigurationList section */
		D8D29E5522CFE86000DCCA6B /* Build configuration list for PBXProject "Lodjinha" */ = {
			isa = XCConfigurationList;
			buildConfigurations = (
				D8D29E8022CFE86500DCCA6B /* Debug */,
				D8D29E8122CFE86500DCCA6B /* Release */,
			);
			defaultConfigurationIsVisible = 0;
			defaultConfigurationName = Release;
		};
		D8D29E8222CFE86500DCCA6B /* Build configuration list for PBXNativeTarget "Lodjinha" */ = {
			isa = XCConfigurationList;
			buildConfigurations = (
				D8D29E8322CFE86500DCCA6B /* Debug */,
				D8D29E8422CFE86500DCCA6B /* Release */,
			);
			defaultConfigurationIsVisible = 0;
			defaultConfigurationName = Release;
		};
		D8D29E8522CFE86500DCCA6B /* Build configuration list for PBXNativeTarget "LodjinhaTests" */ = {
			isa = XCConfigurationList;
			buildConfigurations = (
				D8D29E8622CFE86500DCCA6B /* Debug */,
				D8D29E8722CFE86500DCCA6B /* Release */,
			);
			defaultConfigurationIsVisible = 0;
			defaultConfigurationName = Release;
		};
		D8D29E8822CFE86500DCCA6B /* Build configuration list for PBXNativeTarget "LodjinhaUITests" */ = {
			isa = XCConfigurationList;
			buildConfigurations = (
				D8D29E8922CFE86500DCCA6B /* Debug */,
				D8D29E8A22CFE86500DCCA6B /* Release */,
			);
			defaultConfigurationIsVisible = 0;
			defaultConfigurationName = Release;
		};
/* End XCConfigurationList section */
	};
	rootObject = D8D29E5222CFE86000DCCA6B /* Project object */;
}
